// !$*UTF8*$!
{
	archiveVersion = 1;
	classes = {
	};
	objectVersion = 55;
	objects = {

/* Begin PBXBuildFile section */
		3A2D664D298515FE007AD3F6 /* AppDelegate.swift in Sources */ = {isa = PBXBuildFile; fileRef = 3A2D664C298515FE007AD3F6 /* AppDelegate.swift */; };
		3A2D664F298515FE007AD3F6 /* SceneDelegate.swift in Sources */ = {isa = PBXBuildFile; fileRef = 3A2D664E298515FE007AD3F6 /* SceneDelegate.swift */; };
		3A2D6657298515FE007AD3F6 /* myPlanner.xcdatamodeld in Sources */ = {isa = PBXBuildFile; fileRef = 3A2D6655298515FE007AD3F6 /* myPlanner.xcdatamodeld */; };
		3A2D665929851600007AD3F6 /* Assets.xcassets in Resources */ = {isa = PBXBuildFile; fileRef = 3A2D665829851600007AD3F6 /* Assets.xcassets */; };
		3A2D665C29851600007AD3F6 /* LaunchScreen.storyboard in Resources */ = {isa = PBXBuildFile; fileRef = 3A2D665A29851600007AD3F6 /* LaunchScreen.storyboard */; };
		3A2D666729851600007AD3F6 /* myPlannerTests.swift in Sources */ = {isa = PBXBuildFile; fileRef = 3A2D666629851600007AD3F6 /* myPlannerTests.swift */; };
		3A2D667129851600007AD3F6 /* myPlannerUITests.swift in Sources */ = {isa = PBXBuildFile; fileRef = 3A2D667029851600007AD3F6 /* myPlannerUITests.swift */; };
		3A2D667329851601007AD3F6 /* myPlannerUITestsLaunchTests.swift in Sources */ = {isa = PBXBuildFile; fileRef = 3A2D667229851601007AD3F6 /* myPlannerUITestsLaunchTests.swift */; };
		3A2D668129852029007AD3F6 /* Colors.swift in Sources */ = {isa = PBXBuildFile; fileRef = 3A2D668029852029007AD3F6 /* Colors.swift */; };
		3A2D6684298522FF007AD3F6 /* ViewController.swift in Sources */ = {isa = PBXBuildFile; fileRef = 3A2D6683298522FF007AD3F6 /* ViewController.swift */; };
		3A2D668B298523D2007AD3F6 /* TopTab.swift in Sources */ = {isa = PBXBuildFile; fileRef = 3A2D6688298523D2007AD3F6 /* TopTab.swift */; };
		3A2D668C298523D2007AD3F6 /* HeaderView.swift in Sources */ = {isa = PBXBuildFile; fileRef = 3A2D6689298523D2007AD3F6 /* HeaderView.swift */; };
		3A2D668D298523D2007AD3F6 /* TopTabPanelView.swift in Sources */ = {isa = PBXBuildFile; fileRef = 3A2D668A298523D2007AD3F6 /* TopTabPanelView.swift */; };
		3A2D6692298523DD007AD3F6 /* FooterView.swift in Sources */ = {isa = PBXBuildFile; fileRef = 3A2D668F298523DD007AD3F6 /* FooterView.swift */; };
		3A2D6693298523DD007AD3F6 /* BottomTab.swift in Sources */ = {isa = PBXBuildFile; fileRef = 3A2D6690298523DD007AD3F6 /* BottomTab.swift */; };
		3A2D6694298523DD007AD3F6 /* BottomTabPanelView.swift in Sources */ = {isa = PBXBuildFile; fileRef = 3A2D6691298523DD007AD3F6 /* BottomTabPanelView.swift */; };
		3A2D6697298523FF007AD3F6 /* View.swift in Sources */ = {isa = PBXBuildFile; fileRef = 3A2D6696298523FF007AD3F6 /* View.swift */; };
		3A2D669929852407007AD3F6 /* ViewCell.swift in Sources */ = {isa = PBXBuildFile; fileRef = 3A2D669829852407007AD3F6 /* ViewCell.swift */; };
		3A2D669F2985244D007AD3F6 /* BottomTabModel.swift in Sources */ = {isa = PBXBuildFile; fileRef = 3A2D669C2985244D007AD3F6 /* BottomTabModel.swift */; };
		3A2D66A02985244D007AD3F6 /* TopTabModel.swift in Sources */ = {isa = PBXBuildFile; fileRef = 3A2D669D2985244D007AD3F6 /* TopTabModel.swift */; };
		3A2D66A12985244D007AD3F6 /* TabModel.swift in Sources */ = {isa = PBXBuildFile; fileRef = 3A2D669E2985244D007AD3F6 /* TabModel.swift */; };
		3A2D66A829855ED9007AD3F6 /* UIView.swift in Sources */ = {isa = PBXBuildFile; fileRef = 3A2D66A729855ED9007AD3F6 /* UIView.swift */; };
		3A2D66AA29856369007AD3F6 /* Localizable.strings in Resources */ = {isa = PBXBuildFile; fileRef = 3A2D66A929856369007AD3F6 /* Localizable.strings */; };
		3A2D66AD29856481007AD3F6 /* String.swift in Sources */ = {isa = PBXBuildFile; fileRef = 3A2D66AC29856481007AD3F6 /* String.swift */; };
		3A2D66B229856C48007AD3F6 /* DateModul.View.swift in Sources */ = {isa = PBXBuildFile; fileRef = 3A2D66B129856C48007AD3F6 /* DateModul.View.swift */; };
		3A2D66B429856EB5007AD3F6 /* DateModul.swift in Sources */ = {isa = PBXBuildFile; fileRef = 3A2D66B329856EB5007AD3F6 /* DateModul.swift */; };
		3A2D66B7298584DC007AD3F6 /* Spacing.swift in Sources */ = {isa = PBXBuildFile; fileRef = 3A2D66B6298584DC007AD3F6 /* Spacing.swift */; };
		3A2D66B92985882E007AD3F6 /* DateModul.ViewState.swift in Sources */ = {isa = PBXBuildFile; fileRef = 3A2D66B82985882E007AD3F6 /* DateModul.ViewState.swift */; };
		3A2D66BF29859856007AD3F6 /* Day.swift in Sources */ = {isa = PBXBuildFile; fileRef = 3A2D66BE29859856007AD3F6 /* Day.swift */; };
		3A2D66C42985B132007AD3F6 /* Calendar.swift in Sources */ = {isa = PBXBuildFile; fileRef = 3A2D66C32985B132007AD3F6 /* Calendar.swift */; };
		3A2D66C72985B209007AD3F6 /* Calendar.View.swift in Sources */ = {isa = PBXBuildFile; fileRef = 3A2D66C62985B209007AD3F6 /* Calendar.View.swift */; };
		3A2D66C92985BCA5007AD3F6 /* Calendar.Cell.swift in Sources */ = {isa = PBXBuildFile; fileRef = 3A2D66C82985BCA5007AD3F6 /* Calendar.Cell.swift */; };
		3A2D66CF298680D6007AD3F6 /* Calendar.CollectionViewCell.ViewState.swift in Sources */ = {isa = PBXBuildFile; fileRef = 3A2D66CE298680D6007AD3F6 /* Calendar.CollectionViewCell.ViewState.swift */; };
		3A5D2082298999540029408A /* Main.swift in Sources */ = {isa = PBXBuildFile; fileRef = 3A5D2081298999540029408A /* Main.swift */; };
		3A5D2084298999AF0029408A /* Main.ViewController.swift in Sources */ = {isa = PBXBuildFile; fileRef = 3A5D2083298999AF0029408A /* Main.ViewController.swift */; };
		3A5D208629899A7F0029408A /* Header.swift in Sources */ = {isa = PBXBuildFile; fileRef = 3A5D208529899A7F0029408A /* Header.swift */; };
		3A5D208829899AE70029408A /* Body.swift in Sources */ = {isa = PBXBuildFile; fileRef = 3A5D208729899AE70029408A /* Body.swift */; };
		3A5D208A29899AFE0029408A /* Footer.swift in Sources */ = {isa = PBXBuildFile; fileRef = 3A5D208929899AFE0029408A /* Footer.swift */; };
		3A5D208D29899C000029408A /* Body.View.swift in Sources */ = {isa = PBXBuildFile; fileRef = 3A5D208C29899C000029408A /* Body.View.swift */; };
		3A5D208F29899DFD0029408A /* Template.View.swift in Sources */ = {isa = PBXBuildFile; fileRef = 3A5D208E29899DFD0029408A /* Template.View.swift */; };
		3A5D20912989A0610029408A /* Template.swift in Sources */ = {isa = PBXBuildFile; fileRef = 3A5D20902989A0610029408A /* Template.swift */; };
		3A5D20952989A31A0029408A /* Header.View.swift in Sources */ = {isa = PBXBuildFile; fileRef = 3A5D20942989A31A0029408A /* Header.View.swift */; };
		3A5D20972989A3570029408A /* Footer.View.swift in Sources */ = {isa = PBXBuildFile; fileRef = 3A5D20962989A3570029408A /* Footer.View.swift */; };
		3A5D209A2989A60F0029408A /* DayPage.swift in Sources */ = {isa = PBXBuildFile; fileRef = 3A5D20992989A60F0029408A /* DayPage.swift */; };
		3A5D209C2989A6200029408A /* WeekPage.swift in Sources */ = {isa = PBXBuildFile; fileRef = 3A5D209B2989A6200029408A /* WeekPage.swift */; };
		3A5D209E2989A6330029408A /* MonthPage.swift in Sources */ = {isa = PBXBuildFile; fileRef = 3A5D209D2989A6330029408A /* MonthPage.swift */; };
		3A5D20A02989A6410029408A /* TasksPage.swift in Sources */ = {isa = PBXBuildFile; fileRef = 3A5D209F2989A6410029408A /* TasksPage.swift */; };
		3A5D20A22989A64F0029408A /* NotesPage.swift in Sources */ = {isa = PBXBuildFile; fileRef = 3A5D20A12989A64F0029408A /* NotesPage.swift */; };
		3A5D20A42989A6CF0029408A /* DayPage.View.swift in Sources */ = {isa = PBXBuildFile; fileRef = 3A5D20A32989A6CF0029408A /* DayPage.View.swift */; };
		3A5D20A62989A6FB0029408A /* WeekPage.View.swift in Sources */ = {isa = PBXBuildFile; fileRef = 3A5D20A52989A6FB0029408A /* WeekPage.View.swift */; };
		3A5D20A82989A7120029408A /* MonthPage.View.swift in Sources */ = {isa = PBXBuildFile; fileRef = 3A5D20A72989A7120029408A /* MonthPage.View.swift */; };
		3A5D20AA2989A7290029408A /* TasksPage.View.swift in Sources */ = {isa = PBXBuildFile; fileRef = 3A5D20A92989A7290029408A /* TasksPage.View.swift */; };
		3A5D20AC2989A73A0029408A /* NotesPage.View.swift in Sources */ = {isa = PBXBuildFile; fileRef = 3A5D20AB2989A73A0029408A /* NotesPage.View.swift */; };
		3A5D20AE2989AB520029408A /* Template.Constants.swift in Sources */ = {isa = PBXBuildFile; fileRef = 3A5D20AD2989AB520029408A /* Template.Constants.swift */; };
		3A5D20B42989C3350029408A /* TabButton.swift in Sources */ = {isa = PBXBuildFile; fileRef = 3A5D20B32989C3350029408A /* TabButton.swift */; };
		3A5D20C0298EAC850029408A /* TabBarView.swift in Sources */ = {isa = PBXBuildFile; fileRef = 3A5D20BF298EAC850029408A /* TabBarView.swift */; };
		3A5D20C32990ED650029408A /* Main.Module.swift in Sources */ = {isa = PBXBuildFile; fileRef = 3A5D20C22990ED640029408A /* Main.Module.swift */; };
		3A5D20C52990EDEF0029408A /* Main.Presenter.swift in Sources */ = {isa = PBXBuildFile; fileRef = 3A5D20C42990EDEF0029408A /* Main.Presenter.swift */; };
		3A5D20C82991169B0029408A /* Main.ViewState.swift in Sources */ = {isa = PBXBuildFile; fileRef = 3A5D20C72991169B0029408A /* Main.ViewState.swift */; };
		3A5D20CA299117970029408A /* MainView.swift in Sources */ = {isa = PBXBuildFile; fileRef = 3A5D20C9299117970029408A /* MainView.swift */; };
		3A5D20CC2991997B0029408A /* UIStackView.swift in Sources */ = {isa = PBXBuildFile; fileRef = 3A5D20CB2991997A0029408A /* UIStackView.swift */; };
		3A5D20D12993040D0029408A /* PageTab.swift in Sources */ = {isa = PBXBuildFile; fileRef = 3A5D20D02993040D0029408A /* PageTab.swift */; };
/* End PBXBuildFile section */

/* Begin PBXContainerItemProxy section */
		3A2D666329851600007AD3F6 /* PBXContainerItemProxy */ = {
			isa = PBXContainerItemProxy;
			containerPortal = 3A2D6641298515FE007AD3F6 /* Project object */;
			proxyType = 1;
			remoteGlobalIDString = 3A2D6648298515FE007AD3F6;
			remoteInfo = myPlanner;
		};
		3A2D666D29851600007AD3F6 /* PBXContainerItemProxy */ = {
			isa = PBXContainerItemProxy;
			containerPortal = 3A2D6641298515FE007AD3F6 /* Project object */;
			proxyType = 1;
			remoteGlobalIDString = 3A2D6648298515FE007AD3F6;
			remoteInfo = myPlanner;
		};
/* End PBXContainerItemProxy section */

/* Begin PBXFileReference section */
		3A2D6649298515FE007AD3F6 /* myPlanner.app */ = {isa = PBXFileReference; explicitFileType = wrapper.application; includeInIndex = 0; path = myPlanner.app; sourceTree = BUILT_PRODUCTS_DIR; };
		3A2D664C298515FE007AD3F6 /* AppDelegate.swift */ = {isa = PBXFileReference; lastKnownFileType = sourcecode.swift; path = AppDelegate.swift; sourceTree = "<group>"; };
		3A2D664E298515FE007AD3F6 /* SceneDelegate.swift */ = {isa = PBXFileReference; lastKnownFileType = sourcecode.swift; path = SceneDelegate.swift; sourceTree = "<group>"; };
		3A2D6656298515FE007AD3F6 /* myPlanner.xcdatamodel */ = {isa = PBXFileReference; lastKnownFileType = wrapper.xcdatamodel; path = myPlanner.xcdatamodel; sourceTree = "<group>"; };
		3A2D665829851600007AD3F6 /* Assets.xcassets */ = {isa = PBXFileReference; lastKnownFileType = folder.assetcatalog; path = Assets.xcassets; sourceTree = "<group>"; };
		3A2D665B29851600007AD3F6 /* Base */ = {isa = PBXFileReference; lastKnownFileType = file.storyboard; name = Base; path = Base.lproj/LaunchScreen.storyboard; sourceTree = "<group>"; };
		3A2D665D29851600007AD3F6 /* Info.plist */ = {isa = PBXFileReference; lastKnownFileType = text.plist.xml; path = Info.plist; sourceTree = "<group>"; };
		3A2D666229851600007AD3F6 /* myPlannerTests.xctest */ = {isa = PBXFileReference; explicitFileType = wrapper.cfbundle; includeInIndex = 0; path = myPlannerTests.xctest; sourceTree = BUILT_PRODUCTS_DIR; };
		3A2D666629851600007AD3F6 /* myPlannerTests.swift */ = {isa = PBXFileReference; lastKnownFileType = sourcecode.swift; path = myPlannerTests.swift; sourceTree = "<group>"; };
		3A2D666C29851600007AD3F6 /* myPlannerUITests.xctest */ = {isa = PBXFileReference; explicitFileType = wrapper.cfbundle; includeInIndex = 0; path = myPlannerUITests.xctest; sourceTree = BUILT_PRODUCTS_DIR; };
		3A2D667029851600007AD3F6 /* myPlannerUITests.swift */ = {isa = PBXFileReference; lastKnownFileType = sourcecode.swift; path = myPlannerUITests.swift; sourceTree = "<group>"; };
		3A2D667229851601007AD3F6 /* myPlannerUITestsLaunchTests.swift */ = {isa = PBXFileReference; lastKnownFileType = sourcecode.swift; path = myPlannerUITestsLaunchTests.swift; sourceTree = "<group>"; };
		3A2D668029852029007AD3F6 /* Colors.swift */ = {isa = PBXFileReference; lastKnownFileType = sourcecode.swift; path = Colors.swift; sourceTree = "<group>"; };
		3A2D6683298522FF007AD3F6 /* ViewController.swift */ = {isa = PBXFileReference; lastKnownFileType = sourcecode.swift; path = ViewController.swift; sourceTree = "<group>"; };
		3A2D6688298523D2007AD3F6 /* TopTab.swift */ = {isa = PBXFileReference; fileEncoding = 4; lastKnownFileType = sourcecode.swift; path = TopTab.swift; sourceTree = "<group>"; };
		3A2D6689298523D2007AD3F6 /* HeaderView.swift */ = {isa = PBXFileReference; fileEncoding = 4; lastKnownFileType = sourcecode.swift; path = HeaderView.swift; sourceTree = "<group>"; };
		3A2D668A298523D2007AD3F6 /* TopTabPanelView.swift */ = {isa = PBXFileReference; fileEncoding = 4; lastKnownFileType = sourcecode.swift; path = TopTabPanelView.swift; sourceTree = "<group>"; };
		3A2D668F298523DD007AD3F6 /* FooterView.swift */ = {isa = PBXFileReference; fileEncoding = 4; lastKnownFileType = sourcecode.swift; path = FooterView.swift; sourceTree = "<group>"; };
		3A2D6690298523DD007AD3F6 /* BottomTab.swift */ = {isa = PBXFileReference; fileEncoding = 4; lastKnownFileType = sourcecode.swift; path = BottomTab.swift; sourceTree = "<group>"; };
		3A2D6691298523DD007AD3F6 /* BottomTabPanelView.swift */ = {isa = PBXFileReference; fileEncoding = 4; lastKnownFileType = sourcecode.swift; path = BottomTabPanelView.swift; sourceTree = "<group>"; };
		3A2D6696298523FF007AD3F6 /* View.swift */ = {isa = PBXFileReference; fileEncoding = 4; lastKnownFileType = sourcecode.swift; path = View.swift; sourceTree = "<group>"; };
		3A2D669829852407007AD3F6 /* ViewCell.swift */ = {isa = PBXFileReference; fileEncoding = 4; lastKnownFileType = sourcecode.swift; path = ViewCell.swift; sourceTree = "<group>"; };
		3A2D669C2985244D007AD3F6 /* BottomTabModel.swift */ = {isa = PBXFileReference; fileEncoding = 4; lastKnownFileType = sourcecode.swift; path = BottomTabModel.swift; sourceTree = "<group>"; };
		3A2D669D2985244D007AD3F6 /* TopTabModel.swift */ = {isa = PBXFileReference; fileEncoding = 4; lastKnownFileType = sourcecode.swift; path = TopTabModel.swift; sourceTree = "<group>"; };
		3A2D669E2985244D007AD3F6 /* TabModel.swift */ = {isa = PBXFileReference; fileEncoding = 4; lastKnownFileType = sourcecode.swift; path = TabModel.swift; sourceTree = "<group>"; };
		3A2D66A729855ED9007AD3F6 /* UIView.swift */ = {isa = PBXFileReference; lastKnownFileType = sourcecode.swift; path = UIView.swift; sourceTree = "<group>"; };
		3A2D66A929856369007AD3F6 /* Localizable.strings */ = {isa = PBXFileReference; lastKnownFileType = text.plist.strings; path = Localizable.strings; sourceTree = "<group>"; };
		3A2D66AC29856481007AD3F6 /* String.swift */ = {isa = PBXFileReference; lastKnownFileType = sourcecode.swift; path = String.swift; sourceTree = "<group>"; };
		3A2D66B129856C48007AD3F6 /* DateModul.View.swift */ = {isa = PBXFileReference; lastKnownFileType = sourcecode.swift; path = DateModul.View.swift; sourceTree = "<group>"; };
		3A2D66B329856EB5007AD3F6 /* DateModul.swift */ = {isa = PBXFileReference; lastKnownFileType = sourcecode.swift; path = DateModul.swift; sourceTree = "<group>"; };
		3A2D66B6298584DC007AD3F6 /* Spacing.swift */ = {isa = PBXFileReference; lastKnownFileType = sourcecode.swift; path = Spacing.swift; sourceTree = "<group>"; };
		3A2D66B82985882E007AD3F6 /* DateModul.ViewState.swift */ = {isa = PBXFileReference; lastKnownFileType = sourcecode.swift; path = DateModul.ViewState.swift; sourceTree = "<group>"; };
		3A2D66BE29859856007AD3F6 /* Day.swift */ = {isa = PBXFileReference; lastKnownFileType = sourcecode.swift; path = Day.swift; sourceTree = "<group>"; };
		3A2D66C32985B132007AD3F6 /* Calendar.swift */ = {isa = PBXFileReference; lastKnownFileType = sourcecode.swift; path = Calendar.swift; sourceTree = "<group>"; };
		3A2D66C62985B209007AD3F6 /* Calendar.View.swift */ = {isa = PBXFileReference; lastKnownFileType = sourcecode.swift; path = Calendar.View.swift; sourceTree = "<group>"; };
		3A2D66C82985BCA5007AD3F6 /* Calendar.Cell.swift */ = {isa = PBXFileReference; lastKnownFileType = sourcecode.swift; path = Calendar.Cell.swift; sourceTree = "<group>"; };
		3A2D66CE298680D6007AD3F6 /* Calendar.CollectionViewCell.ViewState.swift */ = {isa = PBXFileReference; lastKnownFileType = sourcecode.swift; path = Calendar.CollectionViewCell.ViewState.swift; sourceTree = "<group>"; };
		3A5D2081298999540029408A /* Main.swift */ = {isa = PBXFileReference; lastKnownFileType = sourcecode.swift; path = Main.swift; sourceTree = "<group>"; };
		3A5D2083298999AF0029408A /* Main.ViewController.swift */ = {isa = PBXFileReference; lastKnownFileType = sourcecode.swift; path = Main.ViewController.swift; sourceTree = "<group>"; };
		3A5D208529899A7F0029408A /* Header.swift */ = {isa = PBXFileReference; lastKnownFileType = sourcecode.swift; path = Header.swift; sourceTree = "<group>"; };
		3A5D208729899AE70029408A /* Body.swift */ = {isa = PBXFileReference; lastKnownFileType = sourcecode.swift; path = Body.swift; sourceTree = "<group>"; };
		3A5D208929899AFE0029408A /* Footer.swift */ = {isa = PBXFileReference; lastKnownFileType = sourcecode.swift; path = Footer.swift; sourceTree = "<group>"; };
		3A5D208C29899C000029408A /* Body.View.swift */ = {isa = PBXFileReference; lastKnownFileType = sourcecode.swift; path = Body.View.swift; sourceTree = "<group>"; };
		3A5D208E29899DFD0029408A /* Template.View.swift */ = {isa = PBXFileReference; lastKnownFileType = sourcecode.swift; path = Template.View.swift; sourceTree = "<group>"; };
		3A5D20902989A0610029408A /* Template.swift */ = {isa = PBXFileReference; lastKnownFileType = sourcecode.swift; path = Template.swift; sourceTree = "<group>"; };
		3A5D20942989A31A0029408A /* Header.View.swift */ = {isa = PBXFileReference; fileEncoding = 4; lastKnownFileType = sourcecode.swift; path = Header.View.swift; sourceTree = "<group>"; };
		3A5D20962989A3570029408A /* Footer.View.swift */ = {isa = PBXFileReference; fileEncoding = 4; lastKnownFileType = sourcecode.swift; path = Footer.View.swift; sourceTree = "<group>"; };
		3A5D20992989A60F0029408A /* DayPage.swift */ = {isa = PBXFileReference; lastKnownFileType = sourcecode.swift; path = DayPage.swift; sourceTree = "<group>"; };
		3A5D209B2989A6200029408A /* WeekPage.swift */ = {isa = PBXFileReference; lastKnownFileType = sourcecode.swift; path = WeekPage.swift; sourceTree = "<group>"; };
		3A5D209D2989A6330029408A /* MonthPage.swift */ = {isa = PBXFileReference; lastKnownFileType = sourcecode.swift; path = MonthPage.swift; sourceTree = "<group>"; };
		3A5D209F2989A6410029408A /* TasksPage.swift */ = {isa = PBXFileReference; lastKnownFileType = sourcecode.swift; path = TasksPage.swift; sourceTree = "<group>"; };
		3A5D20A12989A64F0029408A /* NotesPage.swift */ = {isa = PBXFileReference; lastKnownFileType = sourcecode.swift; path = NotesPage.swift; sourceTree = "<group>"; };
		3A5D20A32989A6CF0029408A /* DayPage.View.swift */ = {isa = PBXFileReference; lastKnownFileType = sourcecode.swift; path = DayPage.View.swift; sourceTree = "<group>"; };
		3A5D20A52989A6FB0029408A /* WeekPage.View.swift */ = {isa = PBXFileReference; lastKnownFileType = sourcecode.swift; path = WeekPage.View.swift; sourceTree = "<group>"; };
		3A5D20A72989A7120029408A /* MonthPage.View.swift */ = {isa = PBXFileReference; lastKnownFileType = sourcecode.swift; path = MonthPage.View.swift; sourceTree = "<group>"; };
		3A5D20A92989A7290029408A /* TasksPage.View.swift */ = {isa = PBXFileReference; lastKnownFileType = sourcecode.swift; path = TasksPage.View.swift; sourceTree = "<group>"; };
		3A5D20AB2989A73A0029408A /* NotesPage.View.swift */ = {isa = PBXFileReference; lastKnownFileType = sourcecode.swift; path = NotesPage.View.swift; sourceTree = "<group>"; };
		3A5D20AD2989AB520029408A /* Template.Constants.swift */ = {isa = PBXFileReference; lastKnownFileType = sourcecode.swift; path = Template.Constants.swift; sourceTree = "<group>"; };
		3A5D20B32989C3350029408A /* TabButton.swift */ = {isa = PBXFileReference; lastKnownFileType = sourcecode.swift; path = TabButton.swift; sourceTree = "<group>"; };
		3A5D20BF298EAC850029408A /* TabBarView.swift */ = {isa = PBXFileReference; lastKnownFileType = sourcecode.swift; path = TabBarView.swift; sourceTree = "<group>"; };
		3A5D20C22990ED640029408A /* Main.Module.swift */ = {isa = PBXFileReference; lastKnownFileType = sourcecode.swift; path = Main.Module.swift; sourceTree = "<group>"; };
		3A5D20C42990EDEF0029408A /* Main.Presenter.swift */ = {isa = PBXFileReference; lastKnownFileType = sourcecode.swift; path = Main.Presenter.swift; sourceTree = "<group>"; };
		3A5D20C72991169B0029408A /* Main.ViewState.swift */ = {isa = PBXFileReference; lastKnownFileType = sourcecode.swift; path = Main.ViewState.swift; sourceTree = "<group>"; };
		3A5D20C9299117970029408A /* MainView.swift */ = {isa = PBXFileReference; lastKnownFileType = sourcecode.swift; path = MainView.swift; sourceTree = "<group>"; };
		3A5D20CB2991997A0029408A /* UIStackView.swift */ = {isa = PBXFileReference; lastKnownFileType = sourcecode.swift; path = UIStackView.swift; sourceTree = "<group>"; };
		3A5D20D02993040D0029408A /* PageTab.swift */ = {isa = PBXFileReference; lastKnownFileType = sourcecode.swift; path = PageTab.swift; sourceTree = "<group>"; };
/* End PBXFileReference section */

/* Begin PBXFrameworksBuildPhase section */
		3A2D6646298515FE007AD3F6 /* Frameworks */ = {
			isa = PBXFrameworksBuildPhase;
			buildActionMask = 2147483647;
			files = (
			);
			runOnlyForDeploymentPostprocessing = 0;
		};
		3A2D665F29851600007AD3F6 /* Frameworks */ = {
			isa = PBXFrameworksBuildPhase;
			buildActionMask = 2147483647;
			files = (
			);
			runOnlyForDeploymentPostprocessing = 0;
		};
		3A2D666929851600007AD3F6 /* Frameworks */ = {
			isa = PBXFrameworksBuildPhase;
			buildActionMask = 2147483647;
			files = (
			);
			runOnlyForDeploymentPostprocessing = 0;
		};
/* End PBXFrameworksBuildPhase section */

/* Begin PBXGroup section */
		3A2D6640298515FE007AD3F6 = {
			isa = PBXGroup;
			children = (
				3A2D664B298515FE007AD3F6 /* myPlanner */,
				3A2D666529851600007AD3F6 /* myPlannerTests */,
				3A2D666F29851600007AD3F6 /* myPlannerUITests */,
				3A2D664A298515FE007AD3F6 /* Products */,
			);
			sourceTree = "<group>";
		};
		3A2D664A298515FE007AD3F6 /* Products */ = {
			isa = PBXGroup;
			children = (
				3A2D6649298515FE007AD3F6 /* myPlanner.app */,
				3A2D666229851600007AD3F6 /* myPlannerTests.xctest */,
				3A2D666C29851600007AD3F6 /* myPlannerUITests.xctest */,
			);
			name = Products;
			sourceTree = "<group>";
		};
		3A2D664B298515FE007AD3F6 /* myPlanner */ = {
			isa = PBXGroup;
			children = (
				3A2D66A42985251A007AD3F6 /* Application */,
				3A2D66AF29856634007AD3F6 /* Core */,
				3A2D66A629855E9B007AD3F6 /* DesignSystem */,
				3A2D6686298523BD007AD3F6 /* OLD_Features */,
				3A2D66AB2985636D007AD3F6 /* Localizations */,
				3A5D206D2989969B0029408A /* Main */,
				3A5D208B29899B930029408A /* Templates */,
				3A2D665D29851600007AD3F6 /* Info.plist */,
				3A2D6655298515FE007AD3F6 /* myPlanner.xcdatamodeld */,
				3A2D665A29851600007AD3F6 /* LaunchScreen.storyboard */,
			);
			path = myPlanner;
			sourceTree = "<group>";
		};
		3A2D666529851600007AD3F6 /* myPlannerTests */ = {
			isa = PBXGroup;
			children = (
				3A2D666629851600007AD3F6 /* myPlannerTests.swift */,
			);
			path = myPlannerTests;
			sourceTree = "<group>";
		};
		3A2D666F29851600007AD3F6 /* myPlannerUITests */ = {
			isa = PBXGroup;
			children = (
				3A2D667029851600007AD3F6 /* myPlannerUITests.swift */,
				3A2D667229851601007AD3F6 /* myPlannerUITestsLaunchTests.swift */,
			);
			path = myPlannerUITests;
			sourceTree = "<group>";
		};
		3A2D66822985203B007AD3F6 /* Extensions */ = {
			isa = PBXGroup;
			children = (
				3A5D20CB2991997A0029408A /* UIStackView.swift */,
				3A2D66A729855ED9007AD3F6 /* UIView.swift */,
			);
			path = Extensions;
			sourceTree = "<group>";
		};
		3A2D6686298523BD007AD3F6 /* OLD_Features */ = {
			isa = PBXGroup;
			children = (
				3A2D669E2985244D007AD3F6 /* TabModel.swift */,
				3A2D6687298523D2007AD3F6 /* Header */,
				3A2D6695298523ED007AD3F6 /* Day */,
				3A2D668E298523DD007AD3F6 /* Footer */,
				3A2D66B029856C0E007AD3F6 /* DateModul */,
				3A2D66C12985B0F4007AD3F6 /* Calendar */,
			);
			path = OLD_Features;
			sourceTree = "<group>";
		};
		3A2D6687298523D2007AD3F6 /* Header */ = {
			isa = PBXGroup;
			children = (
				3A2D6689298523D2007AD3F6 /* HeaderView.swift */,
				3A2D668A298523D2007AD3F6 /* TopTabPanelView.swift */,
				3A2D6688298523D2007AD3F6 /* TopTab.swift */,
				3A2D669D2985244D007AD3F6 /* TopTabModel.swift */,
			);
			path = Header;
			sourceTree = "<group>";
		};
		3A2D668E298523DD007AD3F6 /* Footer */ = {
			isa = PBXGroup;
			children = (
				3A2D668F298523DD007AD3F6 /* FooterView.swift */,
				3A2D6691298523DD007AD3F6 /* BottomTabPanelView.swift */,
				3A2D6690298523DD007AD3F6 /* BottomTab.swift */,
				3A2D669C2985244D007AD3F6 /* BottomTabModel.swift */,
			);
			path = Footer;
			sourceTree = "<group>";
		};
		3A2D6695298523ED007AD3F6 /* Day */ = {
			isa = PBXGroup;
			children = (
				3A2D66BD29859786007AD3F6 /* View */,
				3A2D66BE29859856007AD3F6 /* Day.swift */,
			);
			path = Day;
			sourceTree = "<group>";
		};
		3A2D66A42985251A007AD3F6 /* Application */ = {
			isa = PBXGroup;
			children = (
				3A2D664C298515FE007AD3F6 /* AppDelegate.swift */,
				3A2D664E298515FE007AD3F6 /* SceneDelegate.swift */,
			);
			path = Application;
			sourceTree = "<group>";
		};
		3A2D66A629855E9B007AD3F6 /* DesignSystem */ = {
			isa = PBXGroup;
			children = (
				3A5D20BE298EAC140029408A /* Components */,
				3A5D20B22989C3240029408A /* Elements */,
				3A2D66822985203B007AD3F6 /* Extensions */,
				3A2D668029852029007AD3F6 /* Colors.swift */,
				3A2D66B6298584DC007AD3F6 /* Spacing.swift */,
				3A2D665829851600007AD3F6 /* Assets.xcassets */,
			);
			path = DesignSystem;
			sourceTree = "<group>";
		};
		3A2D66AB2985636D007AD3F6 /* Localizations */ = {
			isa = PBXGroup;
			children = (
				3A2D66A929856369007AD3F6 /* Localizable.strings */,
			);
			path = Localizations;
			sourceTree = "<group>";
		};
		3A2D66AE29856618007AD3F6 /* Foundation */ = {
			isa = PBXGroup;
			children = (
				3A2D66AC29856481007AD3F6 /* String.swift */,
			);
			path = Foundation;
			sourceTree = "<group>";
		};
		3A2D66AF29856634007AD3F6 /* Core */ = {
			isa = PBXGroup;
			children = (
				3A2D66AE29856618007AD3F6 /* Foundation */,
			);
			path = Core;
			sourceTree = "<group>";
		};
		3A2D66B029856C0E007AD3F6 /* DateModul */ = {
			isa = PBXGroup;
			children = (
				3A2D66B529856FA4007AD3F6 /* View */,
				3A2D66B329856EB5007AD3F6 /* DateModul.swift */,
			);
			path = DateModul;
			sourceTree = "<group>";
		};
		3A2D66B529856FA4007AD3F6 /* View */ = {
			isa = PBXGroup;
			children = (
				3A2D66B129856C48007AD3F6 /* DateModul.View.swift */,
				3A2D66B82985882E007AD3F6 /* DateModul.ViewState.swift */,
			);
			path = View;
			sourceTree = "<group>";
		};
		3A2D66BD29859786007AD3F6 /* View */ = {
			isa = PBXGroup;
			children = (
				3A2D6683298522FF007AD3F6 /* ViewController.swift */,
				3A2D6696298523FF007AD3F6 /* View.swift */,
				3A2D669829852407007AD3F6 /* ViewCell.swift */,
			);
			path = View;
			sourceTree = "<group>";
		};
		3A2D66C12985B0F4007AD3F6 /* Calendar */ = {
			isa = PBXGroup;
			children = (
				3A2D66C52985B1E7007AD3F6 /* View */,
				3A2D66C32985B132007AD3F6 /* Calendar.swift */,
			);
			path = Calendar;
			sourceTree = "<group>";
		};
		3A2D66C52985B1E7007AD3F6 /* View */ = {
			isa = PBXGroup;
			children = (
				3A2D66C62985B209007AD3F6 /* Calendar.View.swift */,
				3A2D66C82985BCA5007AD3F6 /* Calendar.Cell.swift */,
				3A2D66CE298680D6007AD3F6 /* Calendar.CollectionViewCell.ViewState.swift */,
			);
			path = View;
			sourceTree = "<group>";
		};
		3A5D206D2989969B0029408A /* Main */ = {
			isa = PBXGroup;
			children = (
				3A5D20C12990ED3C0029408A /* Main.Module */,
				3A5D206E298997030029408A /* Main.Presenter */,
				3A5D20C6299116410029408A /* View */,
				3A5D2081298999540029408A /* Main.swift */,
			);
			path = Main;
			sourceTree = "<group>";
		};
		3A5D206E298997030029408A /* Main.Presenter */ = {
			isa = PBXGroup;
			children = (
				3A5D20C42990EDEF0029408A /* Main.Presenter.swift */,
			);
			path = Main.Presenter;
			sourceTree = "<group>";
		};
		3A5D206F298997100029408A /* Main.ViewController */ = {
			isa = PBXGroup;
			children = (
				3A5D2070298997330029408A /* SubViews */,
				3A5D2083298999AF0029408A /* Main.ViewController.swift */,
			);
			path = Main.ViewController;
			sourceTree = "<group>";
		};
		3A5D2070298997330029408A /* SubViews */ = {
			isa = PBXGroup;
			children = (
				3A5D2073298997510029408A /* Header */,
				3A5D20722989974A0029408A /* Body */,
				3A5D20712989973E0029408A /* Footer */,
			);
			path = SubViews;
			sourceTree = "<group>";
		};
		3A5D20712989973E0029408A /* Footer */ = {
			isa = PBXGroup;
			children = (
				3A5D20962989A3570029408A /* Footer.View.swift */,
				3A5D208929899AFE0029408A /* Footer.swift */,
			);
			path = Footer;
			sourceTree = "<group>";
		};
		3A5D20722989974A0029408A /* Body */ = {
			isa = PBXGroup;
			children = (
				3A5D20932989A2760029408A /* SubViews */,
				3A5D208C29899C000029408A /* Body.View.swift */,
				3A5D208729899AE70029408A /* Body.swift */,
			);
			path = Body;
			sourceTree = "<group>";
		};
		3A5D2073298997510029408A /* Header */ = {
			isa = PBXGroup;
			children = (
				3A5D20CF2992D10E0029408A /* SubViews */,
				3A5D20942989A31A0029408A /* Header.View.swift */,
				3A5D208529899A7F0029408A /* Header.swift */,
				3A5D20D02993040D0029408A /* PageTab.swift */,
			);
			path = Header;
			sourceTree = "<group>";
		};
		3A5D2074298997610029408A /* NotesPage */ = {
			isa = PBXGroup;
			children = (
				3A5D20AB2989A73A0029408A /* NotesPage.View.swift */,
				3A5D20A12989A64F0029408A /* NotesPage.swift */,
			);
			path = NotesPage;
			sourceTree = "<group>";
		};
		3A5D20752989977A0029408A /* TasksPage */ = {
			isa = PBXGroup;
			children = (
				3A5D20A92989A7290029408A /* TasksPage.View.swift */,
				3A5D209F2989A6410029408A /* TasksPage.swift */,
			);
			path = TasksPage;
			sourceTree = "<group>";
		};
		3A5D20762989977E0029408A /* MonthPage */ = {
			isa = PBXGroup;
			children = (
				3A5D20A72989A7120029408A /* MonthPage.View.swift */,
				3A5D209D2989A6330029408A /* MonthPage.swift */,
			);
			path = MonthPage;
			sourceTree = "<group>";
		};
		3A5D2077298997810029408A /* WeekPage */ = {
			isa = PBXGroup;
			children = (
				3A5D20A52989A6FB0029408A /* WeekPage.View.swift */,
				3A5D209B2989A6200029408A /* WeekPage.swift */,
			);
			path = WeekPage;
			sourceTree = "<group>";
		};
		3A5D2078298997840029408A /* DayPage */ = {
			isa = PBXGroup;
			children = (
				3A5D20982989A5AD0029408A /* SubViews */,
				3A5D20A32989A6CF0029408A /* DayPage.View.swift */,
				3A5D20992989A60F0029408A /* DayPage.swift */,
			);
			path = DayPage;
			sourceTree = "<group>";
		};
		3A5D2079298997C10029408A /* EventsContainer */ = {
			isa = PBXGroup;
			children = (
			);
			path = EventsContainer;
			sourceTree = "<group>";
		};
		3A5D207A298997C80029408A /* ExtrasContainer */ = {
			isa = PBXGroup;
			children = (
				3A5D2080298998160029408A /* QuotaContainer */,
				3A5D207F298998130029408A /* CommercialContainer */,
			);
			path = ExtrasContainer;
			sourceTree = "<group>";
		};
		3A5D207B298997CC0029408A /* NotesContainer */ = {
			isa = PBXGroup;
			children = (
			);
			path = NotesContainer;
			sourceTree = "<group>";
		};
		3A5D207C298997CF0029408A /* TodolistContainer */ = {
			isa = PBXGroup;
			children = (
			);
			path = TodolistContainer;
			sourceTree = "<group>";
		};
		3A5D207D298997D20029408A /* CalendarContainer */ = {
			isa = PBXGroup;
			children = (
			);
			path = CalendarContainer;
			sourceTree = "<group>";
		};
		3A5D207E298997D60029408A /* DateContainer */ = {
			isa = PBXGroup;
			children = (
			);
			path = DateContainer;
			sourceTree = "<group>";
		};
		3A5D207F298998130029408A /* CommercialContainer */ = {
			isa = PBXGroup;
			children = (
			);
			path = CommercialContainer;
			sourceTree = "<group>";
		};
		3A5D2080298998160029408A /* QuotaContainer */ = {
			isa = PBXGroup;
			children = (
			);
			path = QuotaContainer;
			sourceTree = "<group>";
		};
		3A5D208B29899B930029408A /* Templates */ = {
			isa = PBXGroup;
			children = (
				3A5D20AD2989AB520029408A /* Template.Constants.swift */,
				3A5D208E29899DFD0029408A /* Template.View.swift */,
				3A5D20902989A0610029408A /* Template.swift */,
			);
			path = Templates;
			sourceTree = "<group>";
		};
		3A5D20932989A2760029408A /* SubViews */ = {
			isa = PBXGroup;
			children = (
				3A5D2078298997840029408A /* DayPage */,
				3A5D2077298997810029408A /* WeekPage */,
				3A5D20762989977E0029408A /* MonthPage */,
				3A5D20752989977A0029408A /* TasksPage */,
				3A5D2074298997610029408A /* NotesPage */,
			);
			path = SubViews;
			sourceTree = "<group>";
		};
		3A5D20982989A5AD0029408A /* SubViews */ = {
			isa = PBXGroup;
			children = (
				3A5D207E298997D60029408A /* DateContainer */,
				3A5D207D298997D20029408A /* CalendarContainer */,
				3A5D207C298997CF0029408A /* TodolistContainer */,
				3A5D207B298997CC0029408A /* NotesContainer */,
				3A5D207A298997C80029408A /* ExtrasContainer */,
				3A5D2079298997C10029408A /* EventsContainer */,
			);
			path = SubViews;
			sourceTree = "<group>";
		};
		3A5D20B22989C3240029408A /* Elements */ = {
			isa = PBXGroup;
			children = (
				3A5D20B32989C3350029408A /* TabButton.swift */,
			);
			path = Elements;
			sourceTree = "<group>";
		};
		3A5D20BE298EAC140029408A /* Components */ = {
			isa = PBXGroup;
			children = (
			);
			path = Components;
			sourceTree = "<group>";
		};
		3A5D20C12990ED3C0029408A /* Main.Module */ = {
			isa = PBXGroup;
			children = (
				3A5D20C22990ED640029408A /* Main.Module.swift */,
			);
			path = Main.Module;
			sourceTree = "<group>";
		};
		3A5D20C6299116410029408A /* View */ = {
			isa = PBXGroup;
			children = (
				3A5D206F298997100029408A /* Main.ViewController */,
				3A5D20C72991169B0029408A /* Main.ViewState.swift */,
				3A5D20C9299117970029408A /* MainView.swift */,
			);
			path = View;
			sourceTree = "<group>";
		};
		3A5D20CF2992D10E0029408A /* SubViews */ = {
			isa = PBXGroup;
			children = (
				3A5D20BF298EAC850029408A /* TabBarView.swift */,
			);
			path = SubViews;
			sourceTree = "<group>";
		};
/* End PBXGroup section */

/* Begin PBXNativeTarget section */
		3A2D6648298515FE007AD3F6 /* myPlanner */ = {
			isa = PBXNativeTarget;
			buildConfigurationList = 3A2D667629851601007AD3F6 /* Build configuration list for PBXNativeTarget "myPlanner" */;
			buildPhases = (
				3A2D6645298515FE007AD3F6 /* Sources */,
				3A2D6646298515FE007AD3F6 /* Frameworks */,
				3A2D6647298515FE007AD3F6 /* Resources */,
			);
			buildRules = (
			);
			dependencies = (
			);
			name = myPlanner;
			productName = myPlanner;
			productReference = 3A2D6649298515FE007AD3F6 /* myPlanner.app */;
			productType = "com.apple.product-type.application";
		};
		3A2D666129851600007AD3F6 /* myPlannerTests */ = {
			isa = PBXNativeTarget;
			buildConfigurationList = 3A2D667929851601007AD3F6 /* Build configuration list for PBXNativeTarget "myPlannerTests" */;
			buildPhases = (
				3A2D665E29851600007AD3F6 /* Sources */,
				3A2D665F29851600007AD3F6 /* Frameworks */,
				3A2D666029851600007AD3F6 /* Resources */,
			);
			buildRules = (
			);
			dependencies = (
				3A2D666429851600007AD3F6 /* PBXTargetDependency */,
			);
			name = myPlannerTests;
			productName = myPlannerTests;
			productReference = 3A2D666229851600007AD3F6 /* myPlannerTests.xctest */;
			productType = "com.apple.product-type.bundle.unit-test";
		};
		3A2D666B29851600007AD3F6 /* myPlannerUITests */ = {
			isa = PBXNativeTarget;
			buildConfigurationList = 3A2D667C29851601007AD3F6 /* Build configuration list for PBXNativeTarget "myPlannerUITests" */;
			buildPhases = (
				3A2D666829851600007AD3F6 /* Sources */,
				3A2D666929851600007AD3F6 /* Frameworks */,
				3A2D666A29851600007AD3F6 /* Resources */,
			);
			buildRules = (
			);
			dependencies = (
				3A2D666E29851600007AD3F6 /* PBXTargetDependency */,
			);
			name = myPlannerUITests;
			productName = myPlannerUITests;
			productReference = 3A2D666C29851600007AD3F6 /* myPlannerUITests.xctest */;
			productType = "com.apple.product-type.bundle.ui-testing";
		};
/* End PBXNativeTarget section */

/* Begin PBXProject section */
		3A2D6641298515FE007AD3F6 /* Project object */ = {
			isa = PBXProject;
			attributes = {
				BuildIndependentTargetsInParallel = 1;
				LastSwiftUpdateCheck = 1330;
				LastUpgradeCheck = 1330;
				TargetAttributes = {
					3A2D6648298515FE007AD3F6 = {
						CreatedOnToolsVersion = 13.3;
					};
					3A2D666129851600007AD3F6 = {
						CreatedOnToolsVersion = 13.3;
						TestTargetID = 3A2D6648298515FE007AD3F6;
					};
					3A2D666B29851600007AD3F6 = {
						CreatedOnToolsVersion = 13.3;
						TestTargetID = 3A2D6648298515FE007AD3F6;
					};
				};
			};
			buildConfigurationList = 3A2D6644298515FE007AD3F6 /* Build configuration list for PBXProject "myPlanner" */;
			compatibilityVersion = "Xcode 13.0";
			developmentRegion = en;
			hasScannedForEncodings = 0;
			knownRegions = (
				en,
				Base,
			);
			mainGroup = 3A2D6640298515FE007AD3F6;
			productRefGroup = 3A2D664A298515FE007AD3F6 /* Products */;
			projectDirPath = "";
			projectRoot = "";
			targets = (
				3A2D6648298515FE007AD3F6 /* myPlanner */,
				3A2D666129851600007AD3F6 /* myPlannerTests */,
				3A2D666B29851600007AD3F6 /* myPlannerUITests */,
			);
		};
/* End PBXProject section */

/* Begin PBXResourcesBuildPhase section */
		3A2D6647298515FE007AD3F6 /* Resources */ = {
			isa = PBXResourcesBuildPhase;
			buildActionMask = 2147483647;
			files = (
				3A2D665C29851600007AD3F6 /* LaunchScreen.storyboard in Resources */,
				3A2D66AA29856369007AD3F6 /* Localizable.strings in Resources */,
				3A2D665929851600007AD3F6 /* Assets.xcassets in Resources */,
			);
			runOnlyForDeploymentPostprocessing = 0;
		};
		3A2D666029851600007AD3F6 /* Resources */ = {
			isa = PBXResourcesBuildPhase;
			buildActionMask = 2147483647;
			files = (
			);
			runOnlyForDeploymentPostprocessing = 0;
		};
		3A2D666A29851600007AD3F6 /* Resources */ = {
			isa = PBXResourcesBuildPhase;
			buildActionMask = 2147483647;
			files = (
			);
			runOnlyForDeploymentPostprocessing = 0;
		};
/* End PBXResourcesBuildPhase section */

/* Begin PBXSourcesBuildPhase section */
		3A2D6645298515FE007AD3F6 /* Sources */ = {
			isa = PBXSourcesBuildPhase;
			buildActionMask = 2147483647;
			files = (
				3A5D20C82991169B0029408A /* Main.ViewState.swift in Sources */,
				3A2D6657298515FE007AD3F6 /* myPlanner.xcdatamodeld in Sources */,
				3A2D6697298523FF007AD3F6 /* View.swift in Sources */,
				3A5D20C32990ED650029408A /* Main.Module.swift in Sources */,
				3A5D20D12993040D0029408A /* PageTab.swift in Sources */,
				3A2D668D298523D2007AD3F6 /* TopTabPanelView.swift in Sources */,
				3A2D668129852029007AD3F6 /* Colors.swift in Sources */,
				3A2D6692298523DD007AD3F6 /* FooterView.swift in Sources */,
				3A5D20AC2989A73A0029408A /* NotesPage.View.swift in Sources */,
				3A5D20912989A0610029408A /* Template.swift in Sources */,
				3A2D66B92985882E007AD3F6 /* DateModul.ViewState.swift in Sources */,
				3A5D209C2989A6200029408A /* WeekPage.swift in Sources */,
				3A5D208F29899DFD0029408A /* Template.View.swift in Sources */,
				3A5D20AE2989AB520029408A /* Template.Constants.swift in Sources */,
				3A2D66A12985244D007AD3F6 /* TabModel.swift in Sources */,
				3A2D669929852407007AD3F6 /* ViewCell.swift in Sources */,
				3A5D208D29899C000029408A /* Body.View.swift in Sources */,
				3A5D20972989A3570029408A /* Footer.View.swift in Sources */,
				3A2D66C42985B132007AD3F6 /* Calendar.swift in Sources */,
				3A2D6693298523DD007AD3F6 /* BottomTab.swift in Sources */,
				3A5D20CA299117970029408A /* MainView.swift in Sources */,
				3A5D208629899A7F0029408A /* Header.swift in Sources */,
				3A2D66BF29859856007AD3F6 /* Day.swift in Sources */,
				3A2D66A02985244D007AD3F6 /* TopTabModel.swift in Sources */,
				3A2D6684298522FF007AD3F6 /* ViewController.swift in Sources */,
				3A5D20C52990EDEF0029408A /* Main.Presenter.swift in Sources */,
				3A2D664D298515FE007AD3F6 /* AppDelegate.swift in Sources */,
				3A5D20A82989A7120029408A /* MonthPage.View.swift in Sources */,
				3A2D66C72985B209007AD3F6 /* Calendar.View.swift in Sources */,
				3A5D209E2989A6330029408A /* MonthPage.swift in Sources */,
				3A5D20AA2989A7290029408A /* TasksPage.View.swift in Sources */,
				3A2D668B298523D2007AD3F6 /* TopTab.swift in Sources */,
				3A2D66C92985BCA5007AD3F6 /* Calendar.Cell.swift in Sources */,
				3A5D20CC2991997B0029408A /* UIStackView.swift in Sources */,
				3A5D20A62989A6FB0029408A /* WeekPage.View.swift in Sources */,
				3A5D20A22989A64F0029408A /* NotesPage.swift in Sources */,
				3A5D20A02989A6410029408A /* TasksPage.swift in Sources */,
				3A2D66AD29856481007AD3F6 /* String.swift in Sources */,
				3A2D66B429856EB5007AD3F6 /* DateModul.swift in Sources */,
				3A5D20C0298EAC850029408A /* TabBarView.swift in Sources */,
				3A2D66B7298584DC007AD3F6 /* Spacing.swift in Sources */,
				3A5D20B42989C3350029408A /* TabButton.swift in Sources */,
				3A5D2084298999AF0029408A /* Main.ViewController.swift in Sources */,
				3A5D208A29899AFE0029408A /* Footer.swift in Sources */,
				3A5D209A2989A60F0029408A /* DayPage.swift in Sources */,
				3A2D664F298515FE007AD3F6 /* SceneDelegate.swift in Sources */,
				3A2D66CF298680D6007AD3F6 /* Calendar.CollectionViewCell.ViewState.swift in Sources */,
				3A5D208829899AE70029408A /* Body.swift in Sources */,
				3A2D66A829855ED9007AD3F6 /* UIView.swift in Sources */,
				3A2D6694298523DD007AD3F6 /* BottomTabPanelView.swift in Sources */,
				3A5D20952989A31A0029408A /* Header.View.swift in Sources */,
				3A2D668C298523D2007AD3F6 /* HeaderView.swift in Sources */,
				3A5D20A42989A6CF0029408A /* DayPage.View.swift in Sources */,
				3A2D66B229856C48007AD3F6 /* DateModul.View.swift in Sources */,
				3A5D2082298999540029408A /* Main.swift in Sources */,
				3A2D669F2985244D007AD3F6 /* BottomTabModel.swift in Sources */,
			);
			runOnlyForDeploymentPostprocessing = 0;
		};
		3A2D665E29851600007AD3F6 /* Sources */ = {
			isa = PBXSourcesBuildPhase;
			buildActionMask = 2147483647;
			files = (
				3A2D666729851600007AD3F6 /* myPlannerTests.swift in Sources */,
			);
			runOnlyForDeploymentPostprocessing = 0;
		};
		3A2D666829851600007AD3F6 /* Sources */ = {
			isa = PBXSourcesBuildPhase;
			buildActionMask = 2147483647;
			files = (
				3A2D667129851600007AD3F6 /* myPlannerUITests.swift in Sources */,
				3A2D667329851601007AD3F6 /* myPlannerUITestsLaunchTests.swift in Sources */,
			);
			runOnlyForDeploymentPostprocessing = 0;
		};
/* End PBXSourcesBuildPhase section */

/* Begin PBXTargetDependency section */
		3A2D666429851600007AD3F6 /* PBXTargetDependency */ = {
			isa = PBXTargetDependency;
			target = 3A2D6648298515FE007AD3F6 /* myPlanner */;
			targetProxy = 3A2D666329851600007AD3F6 /* PBXContainerItemProxy */;
		};
		3A2D666E29851600007AD3F6 /* PBXTargetDependency */ = {
			isa = PBXTargetDependency;
			target = 3A2D6648298515FE007AD3F6 /* myPlanner */;
			targetProxy = 3A2D666D29851600007AD3F6 /* PBXContainerItemProxy */;
		};
/* End PBXTargetDependency section */

/* Begin PBXVariantGroup section */
		3A2D665A29851600007AD3F6 /* LaunchScreen.storyboard */ = {
			isa = PBXVariantGroup;
			children = (
				3A2D665B29851600007AD3F6 /* Base */,
			);
			name = LaunchScreen.storyboard;
			sourceTree = "<group>";
		};
/* End PBXVariantGroup section */

/* Begin XCBuildConfiguration section */
		3A2D667429851601007AD3F6 /* Debug */ = {
			isa = XCBuildConfiguration;
			buildSettings = {
				ALWAYS_SEARCH_USER_PATHS = NO;
				CLANG_ANALYZER_NONNULL = YES;
				CLANG_ANALYZER_NUMBER_OBJECT_CONVERSION = YES_AGGRESSIVE;
				CLANG_CXX_LANGUAGE_STANDARD = "gnu++17";
				CLANG_ENABLE_MODULES = YES;
				CLANG_ENABLE_OBJC_ARC = YES;
				CLANG_ENABLE_OBJC_WEAK = YES;
				CLANG_WARN_BLOCK_CAPTURE_AUTORELEASING = YES;
				CLANG_WARN_BOOL_CONVERSION = YES;
				CLANG_WARN_COMMA = YES;
				CLANG_WARN_CONSTANT_CONVERSION = YES;
				CLANG_WARN_DEPRECATED_OBJC_IMPLEMENTATIONS = YES;
				CLANG_WARN_DIRECT_OBJC_ISA_USAGE = YES_ERROR;
				CLANG_WARN_DOCUMENTATION_COMMENTS = YES;
				CLANG_WARN_EMPTY_BODY = YES;
				CLANG_WARN_ENUM_CONVERSION = YES;
				CLANG_WARN_INFINITE_RECURSION = YES;
				CLANG_WARN_INT_CONVERSION = YES;
				CLANG_WARN_NON_LITERAL_NULL_CONVERSION = YES;
				CLANG_WARN_OBJC_IMPLICIT_RETAIN_SELF = YES;
				CLANG_WARN_OBJC_LITERAL_CONVERSION = YES;
				CLANG_WARN_OBJC_ROOT_CLASS = YES_ERROR;
				CLANG_WARN_QUOTED_INCLUDE_IN_FRAMEWORK_HEADER = YES;
				CLANG_WARN_RANGE_LOOP_ANALYSIS = YES;
				CLANG_WARN_STRICT_PROTOTYPES = YES;
				CLANG_WARN_SUSPICIOUS_MOVE = YES;
				CLANG_WARN_UNGUARDED_AVAILABILITY = YES_AGGRESSIVE;
				CLANG_WARN_UNREACHABLE_CODE = YES;
				CLANG_WARN__DUPLICATE_METHOD_MATCH = YES;
				COPY_PHASE_STRIP = NO;
				DEBUG_INFORMATION_FORMAT = dwarf;
				ENABLE_STRICT_OBJC_MSGSEND = YES;
				ENABLE_TESTABILITY = YES;
				GCC_C_LANGUAGE_STANDARD = gnu11;
				GCC_DYNAMIC_NO_PIC = NO;
				GCC_NO_COMMON_BLOCKS = YES;
				GCC_OPTIMIZATION_LEVEL = 0;
				GCC_PREPROCESSOR_DEFINITIONS = (
					"DEBUG=1",
					"$(inherited)",
				);
				GCC_WARN_64_TO_32_BIT_CONVERSION = YES;
				GCC_WARN_ABOUT_RETURN_TYPE = YES_ERROR;
				GCC_WARN_UNDECLARED_SELECTOR = YES;
				GCC_WARN_UNINITIALIZED_AUTOS = YES_AGGRESSIVE;
				GCC_WARN_UNUSED_FUNCTION = YES;
				GCC_WARN_UNUSED_VARIABLE = YES;
				IPHONEOS_DEPLOYMENT_TARGET = 15.4;
				MTL_ENABLE_DEBUG_INFO = INCLUDE_SOURCE;
				MTL_FAST_MATH = YES;
				ONLY_ACTIVE_ARCH = YES;
				SDKROOT = iphoneos;
				SWIFT_ACTIVE_COMPILATION_CONDITIONS = DEBUG;
				SWIFT_OPTIMIZATION_LEVEL = "-Onone";
			};
			name = Debug;
		};
		3A2D667529851601007AD3F6 /* Release */ = {
			isa = XCBuildConfiguration;
			buildSettings = {
				ALWAYS_SEARCH_USER_PATHS = NO;
				CLANG_ANALYZER_NONNULL = YES;
				CLANG_ANALYZER_NUMBER_OBJECT_CONVERSION = YES_AGGRESSIVE;
				CLANG_CXX_LANGUAGE_STANDARD = "gnu++17";
				CLANG_ENABLE_MODULES = YES;
				CLANG_ENABLE_OBJC_ARC = YES;
				CLANG_ENABLE_OBJC_WEAK = YES;
				CLANG_WARN_BLOCK_CAPTURE_AUTORELEASING = YES;
				CLANG_WARN_BOOL_CONVERSION = YES;
				CLANG_WARN_COMMA = YES;
				CLANG_WARN_CONSTANT_CONVERSION = YES;
				CLANG_WARN_DEPRECATED_OBJC_IMPLEMENTATIONS = YES;
				CLANG_WARN_DIRECT_OBJC_ISA_USAGE = YES_ERROR;
				CLANG_WARN_DOCUMENTATION_COMMENTS = YES;
				CLANG_WARN_EMPTY_BODY = YES;
				CLANG_WARN_ENUM_CONVERSION = YES;
				CLANG_WARN_INFINITE_RECURSION = YES;
				CLANG_WARN_INT_CONVERSION = YES;
				CLANG_WARN_NON_LITERAL_NULL_CONVERSION = YES;
				CLANG_WARN_OBJC_IMPLICIT_RETAIN_SELF = YES;
				CLANG_WARN_OBJC_LITERAL_CONVERSION = YES;
				CLANG_WARN_OBJC_ROOT_CLASS = YES_ERROR;
				CLANG_WARN_QUOTED_INCLUDE_IN_FRAMEWORK_HEADER = YES;
				CLANG_WARN_RANGE_LOOP_ANALYSIS = YES;
				CLANG_WARN_STRICT_PROTOTYPES = YES;
				CLANG_WARN_SUSPICIOUS_MOVE = YES;
				CLANG_WARN_UNGUARDED_AVAILABILITY = YES_AGGRESSIVE;
				CLANG_WARN_UNREACHABLE_CODE = YES;
				CLANG_WARN__DUPLICATE_METHOD_MATCH = YES;
				COPY_PHASE_STRIP = NO;
				DEBUG_INFORMATION_FORMAT = "dwarf-with-dsym";
				ENABLE_NS_ASSERTIONS = NO;
				ENABLE_STRICT_OBJC_MSGSEND = YES;
				GCC_C_LANGUAGE_STANDARD = gnu11;
				GCC_NO_COMMON_BLOCKS = YES;
				GCC_WARN_64_TO_32_BIT_CONVERSION = YES;
				GCC_WARN_ABOUT_RETURN_TYPE = YES_ERROR;
				GCC_WARN_UNDECLARED_SELECTOR = YES;
				GCC_WARN_UNINITIALIZED_AUTOS = YES_AGGRESSIVE;
				GCC_WARN_UNUSED_FUNCTION = YES;
				GCC_WARN_UNUSED_VARIABLE = YES;
				IPHONEOS_DEPLOYMENT_TARGET = 15.4;
				MTL_ENABLE_DEBUG_INFO = NO;
				MTL_FAST_MATH = YES;
				SDKROOT = iphoneos;
				SWIFT_COMPILATION_MODE = wholemodule;
				SWIFT_OPTIMIZATION_LEVEL = "-O";
				VALIDATE_PRODUCT = YES;
			};
			name = Release;
		};
		3A2D667729851601007AD3F6 /* Debug */ = {
			isa = XCBuildConfiguration;
			buildSettings = {
				ASSETCATALOG_COMPILER_APPICON_NAME = AppIcon;
				ASSETCATALOG_COMPILER_GLOBAL_ACCENT_COLOR_NAME = AccentColor;
				CODE_SIGN_STYLE = Automatic;
				CURRENT_PROJECT_VERSION = 1;
				DEVELOPMENT_TEAM = 8J73Q43L2S;
				GENERATE_INFOPLIST_FILE = YES;
				INFOPLIST_FILE = myPlanner/Info.plist;
				INFOPLIST_KEY_UIApplicationSupportsIndirectInputEvents = YES;
				INFOPLIST_KEY_UILaunchStoryboardName = LaunchScreen;
				INFOPLIST_KEY_UIMainStoryboardFile = Main;
				INFOPLIST_KEY_UISupportedInterfaceOrientations_iPad = "UIInterfaceOrientationPortrait UIInterfaceOrientationPortraitUpsideDown UIInterfaceOrientationLandscapeLeft UIInterfaceOrientationLandscapeRight";
				INFOPLIST_KEY_UISupportedInterfaceOrientations_iPhone = "UIInterfaceOrientationPortrait UIInterfaceOrientationLandscapeLeft UIInterfaceOrientationLandscapeRight";
				LD_RUNPATH_SEARCH_PATHS = (
					"$(inherited)",
					"@executable_path/Frameworks",
				);
				MARKETING_VERSION = 1.0;
				PRODUCT_BUNDLE_IDENTIFIER = lt.1011.myPlanner;
				PRODUCT_NAME = "$(TARGET_NAME)";
				SWIFT_EMIT_LOC_STRINGS = YES;
				SWIFT_VERSION = 5.0;
				TARGETED_DEVICE_FAMILY = 2;
			};
			name = Debug;
		};
		3A2D667829851601007AD3F6 /* Release */ = {
			isa = XCBuildConfiguration;
			buildSettings = {
				ASSETCATALOG_COMPILER_APPICON_NAME = AppIcon;
				ASSETCATALOG_COMPILER_GLOBAL_ACCENT_COLOR_NAME = AccentColor;
				CODE_SIGN_STYLE = Automatic;
				CURRENT_PROJECT_VERSION = 1;
				DEVELOPMENT_TEAM = 8J73Q43L2S;
				GENERATE_INFOPLIST_FILE = YES;
				INFOPLIST_FILE = myPlanner/Info.plist;
				INFOPLIST_KEY_UIApplicationSupportsIndirectInputEvents = YES;
				INFOPLIST_KEY_UILaunchStoryboardName = LaunchScreen;
				INFOPLIST_KEY_UIMainStoryboardFile = Main;
				INFOPLIST_KEY_UISupportedInterfaceOrientations_iPad = "UIInterfaceOrientationPortrait UIInterfaceOrientationPortraitUpsideDown UIInterfaceOrientationLandscapeLeft UIInterfaceOrientationLandscapeRight";
				INFOPLIST_KEY_UISupportedInterfaceOrientations_iPhone = "UIInterfaceOrientationPortrait UIInterfaceOrientationLandscapeLeft UIInterfaceOrientationLandscapeRight";
				LD_RUNPATH_SEARCH_PATHS = (
					"$(inherited)",
					"@executable_path/Frameworks",
				);
				MARKETING_VERSION = 1.0;
				PRODUCT_BUNDLE_IDENTIFIER = lt.1011.myPlanner;
				PRODUCT_NAME = "$(TARGET_NAME)";
				SWIFT_EMIT_LOC_STRINGS = YES;
				SWIFT_VERSION = 5.0;
				TARGETED_DEVICE_FAMILY = 2;
			};
			name = Release;
		};
		3A2D667A29851601007AD3F6 /* Debug */ = {
			isa = XCBuildConfiguration;
			buildSettings = {
				ALWAYS_EMBED_SWIFT_STANDARD_LIBRARIES = YES;
				BUNDLE_LOADER = "$(TEST_HOST)";
				CODE_SIGN_STYLE = Automatic;
				CURRENT_PROJECT_VERSION = 1;
				DEVELOPMENT_TEAM = 8J73Q43L2S;
				GENERATE_INFOPLIST_FILE = YES;
				IPHONEOS_DEPLOYMENT_TARGET = 15.4;
				MARKETING_VERSION = 1.0;
				PRODUCT_BUNDLE_IDENTIFIER = lt.1011.myPlannerTests;
				PRODUCT_NAME = "$(TARGET_NAME)";
				SWIFT_EMIT_LOC_STRINGS = NO;
				SWIFT_VERSION = 5.0;
				TARGETED_DEVICE_FAMILY = "1,2";
				TEST_HOST = "$(BUILT_PRODUCTS_DIR)/myPlanner.app/myPlanner";
			};
			name = Debug;
		};
		3A2D667B29851601007AD3F6 /* Release */ = {
			isa = XCBuildConfiguration;
			buildSettings = {
				ALWAYS_EMBED_SWIFT_STANDARD_LIBRARIES = YES;
				BUNDLE_LOADER = "$(TEST_HOST)";
				CODE_SIGN_STYLE = Automatic;
				CURRENT_PROJECT_VERSION = 1;
				DEVELOPMENT_TEAM = 8J73Q43L2S;
				GENERATE_INFOPLIST_FILE = YES;
				IPHONEOS_DEPLOYMENT_TARGET = 15.4;
				MARKETING_VERSION = 1.0;
				PRODUCT_BUNDLE_IDENTIFIER = lt.1011.myPlannerTests;
				PRODUCT_NAME = "$(TARGET_NAME)";
				SWIFT_EMIT_LOC_STRINGS = NO;
				SWIFT_VERSION = 5.0;
				TARGETED_DEVICE_FAMILY = "1,2";
				TEST_HOST = "$(BUILT_PRODUCTS_DIR)/myPlanner.app/myPlanner";
			};
			name = Release;
		};
		3A2D667D29851601007AD3F6 /* Debug */ = {
			isa = XCBuildConfiguration;
			buildSettings = {
				ALWAYS_EMBED_SWIFT_STANDARD_LIBRARIES = YES;
				CODE_SIGN_STYLE = Automatic;
				CURRENT_PROJECT_VERSION = 1;
				DEVELOPMENT_TEAM = 8J73Q43L2S;
				GENERATE_INFOPLIST_FILE = YES;
				MARKETING_VERSION = 1.0;
				PRODUCT_BUNDLE_IDENTIFIER = lt.1011.myPlannerUITests;
				PRODUCT_NAME = "$(TARGET_NAME)";
				SWIFT_EMIT_LOC_STRINGS = NO;
				SWIFT_VERSION = 5.0;
				TARGETED_DEVICE_FAMILY = "1,2";
				TEST_TARGET_NAME = myPlanner;
			};
			name = Debug;
		};
		3A2D667E29851601007AD3F6 /* Release */ = {
			isa = XCBuildConfiguration;
			buildSettings = {
				ALWAYS_EMBED_SWIFT_STANDARD_LIBRARIES = YES;
				CODE_SIGN_STYLE = Automatic;
				CURRENT_PROJECT_VERSION = 1;
				DEVELOPMENT_TEAM = 8J73Q43L2S;
				GENERATE_INFOPLIST_FILE = YES;
				MARKETING_VERSION = 1.0;
				PRODUCT_BUNDLE_IDENTIFIER = lt.1011.myPlannerUITests;
				PRODUCT_NAME = "$(TARGET_NAME)";
				SWIFT_EMIT_LOC_STRINGS = NO;
				SWIFT_VERSION = 5.0;
				TARGETED_DEVICE_FAMILY = "1,2";
				TEST_TARGET_NAME = myPlanner;
			};
			name = Release;
		};
/* End XCBuildConfiguration section */

/* Begin XCConfigurationList section */
		3A2D6644298515FE007AD3F6 /* Build configuration list for PBXProject "myPlanner" */ = {
			isa = XCConfigurationList;
			buildConfigurations = (
				3A2D667429851601007AD3F6 /* Debug */,
				3A2D667529851601007AD3F6 /* Release */,
			);
			defaultConfigurationIsVisible = 0;
			defaultConfigurationName = Release;
		};
		3A2D667629851601007AD3F6 /* Build configuration list for PBXNativeTarget "myPlanner" */ = {
			isa = XCConfigurationList;
			buildConfigurations = (
				3A2D667729851601007AD3F6 /* Debug */,
				3A2D667829851601007AD3F6 /* Release */,
			);
			defaultConfigurationIsVisible = 0;
			defaultConfigurationName = Release;
		};
		3A2D667929851601007AD3F6 /* Build configuration list for PBXNativeTarget "myPlannerTests" */ = {
			isa = XCConfigurationList;
			buildConfigurations = (
				3A2D667A29851601007AD3F6 /* Debug */,
				3A2D667B29851601007AD3F6 /* Release */,
			);
			defaultConfigurationIsVisible = 0;
			defaultConfigurationName = Release;
		};
		3A2D667C29851601007AD3F6 /* Build configuration list for PBXNativeTarget "myPlannerUITests" */ = {
			isa = XCConfigurationList;
			buildConfigurations = (
				3A2D667D29851601007AD3F6 /* Debug */,
				3A2D667E29851601007AD3F6 /* Release */,
			);
			defaultConfigurationIsVisible = 0;
			defaultConfigurationName = Release;
		};
/* End XCConfigurationList section */

/* Begin XCVersionGroup section */
		3A2D6655298515FE007AD3F6 /* myPlanner.xcdatamodeld */ = {
			isa = XCVersionGroup;
			children = (
				3A2D6656298515FE007AD3F6 /* myPlanner.xcdatamodel */,
			);
			currentVersion = 3A2D6656298515FE007AD3F6 /* myPlanner.xcdatamodel */;
			path = myPlanner.xcdatamodeld;
			sourceTree = "<group>";
			versionGroupType = wrapper.xcdatamodel;
		};
/* End XCVersionGroup section */
	};
	rootObject = 3A2D6641298515FE007AD3F6 /* Project object */;
}
